{
  "requires": true,
  "lockfileVersion": 1,
  "dependencies": {
    "better-firebase-functions": {
      "version": "3.4.1",
      "resolved": "https://registry.npmjs.org/better-firebase-functions/-/better-firebase-functions-3.4.1.tgz",
      "integrity": "sha512-EniLpuXVm1chsJcxgQ1C8+enghK40exDQWKKxWpY+mJzUNP3TVShpKOlrTf+C2/QmJYs3mzxEHA3jgSOhjMe3w=="
    }
  }
}
